
Microsoft Visual Studio Solution File, Format Version 12.00
# Visual Studio Version 16
VisualStudioVersion = 16.0.31321.278
MinimumVisualStudioVersion = 10.0.40219.1
Project("{FAE04EC0-301F-11D3-BF4B-00C04F79EFBC}") = "Singe4", "Singe4\Singe4.csproj", "{69A5719B-BE8E-4CD8-8578-9271D19AC41A}"
EndProject
Project("{FAE04EC0-301F-11D3-BF4B-00C04F79EFBC}") = "Tanks", "Tanks\Tanks.csproj", "{D4D9E684-B376-4EA6-8CF6-AF885BAEE2FC}"
EndProject
Project("{9A19103F-16F7-4668-BE54-9A1E7A4F7556}") = "Singe.Bindings", "..\Singe3\Singe.Bindings\Singe.Bindings.csproj", "{6D61E37D-E1B8-476D-AFD6-0CD8FEC3D5A0}"
EndProject
Global
	GlobalSection(SolutionConfigurationPlatforms) = preSolution
		Debug|Any CPU = Debug|Any CPU
		Release|Any CPU = Release|Any CPU
	EndGlobalSection
	GlobalSection(ProjectConfigurationPlatforms) = postSolution
		{69A5719B-BE8E-4CD8-8578-9271D19AC41A}.Debug|Any CPU.ActiveCfg = Debug|Any CPU
		{69A5719B-BE8E-4CD8-8578-9271D19AC41A}.Debug|Any CPU.Build.0 = Debug|Any CPU
		{69A5719B-BE8E-4CD8-8578-9271D19AC41A}.Release|Any CPU.ActiveCfg = Release|Any CPU
		{69A5719B-BE8E-4CD8-8578-9271D19AC41A}.Release|Any CPU.Build.0 = Release|Any CPU
		{D4D9E684-B376-4EA6-8CF6-AF885BAEE2FC}.Debug|Any CPU.ActiveCfg = Debug|Any CPU
		{D4D9E684-B376-4EA6-8CF6-AF885BAEE2FC}.Debug|Any CPU.Build.0 = Debug|Any CPU
		{D4D9E684-B376-4EA6-8CF6-AF885BAEE2FC}.Release|Any CPU.ActiveCfg = Release|Any CPU
		{D4D9E684-B376-4EA6-8CF6-AF885BAEE2FC}.Release|Any CPU.Build.0 = Release|Any CPU
		{6D61E37D-E1B8-476D-AFD6-0CD8FEC3D5A0}.Debug|Any CPU.ActiveCfg = Debug|Any CPU
		{6D61E37D-E1B8-476D-AFD6-0CD8FEC3D5A0}.Release|Any CPU.ActiveCfg = Release|Any CPU
		{6D61E37D-E1B8-476D-AFD6-0CD8FEC3D5A0}.Release|Any CPU.Build.0 = Release|Any CPU
	EndGlobalSection
	GlobalSection(SolutionProperties) = preSolution
		HideSolutionNode = FALSE
	EndGlobalSection
	GlobalSection(ExtensibilityGlobals) = postSolution
		SolutionGuid = {27F13F72-B953-4BB7-931E-8CA1BD300056}
	EndGlobalSection
EndGlobal
